github.com/jychri/brf v0.0.3 h1:C7MNa+AXLswZYoTuvgwp2mmNL9IV5mJb32pJ8oBnRmk=
github.com/jychri/brf v0.0.3/go.mod h1:H+H33lfFRn5Qz03GndLEDjowX//N5RV1VceWjChPe+8=
github.com/jychri/brf v0.0.4 h1:Va0q14PDQlkY3BJrb+Bko02N78rRFW1uECz6oAmynz8=
github.com/jychri/brf v0.0.4/go.mod h1:H+H33lfFRn5Qz03GndLEDjowX//N5RV1VceWjChPe+8=
github.com/jychri/brf v0.0.5 h1:RyqjTUCBriUr1V4bPPIhjuXQoaYkQHZIsEMNxh8Dleg=
github.com/jychri/brf v0.0.5/go.mod h1:H+H33lfFRn5Qz03GndLEDjowX//N5RV1VceWjChPe+8=
github.com/jychri/tilde v0.0.2 h1:9yAwiNXq3KkqtqoBaR1bM8mZDQh6fuUrlzmFwdRNktY=
github.com/jychri/tilde v0.0.2/go.mod h1:2Z44AJjlVpDIZlCdTM3wJ0YvHbbrhQBcmai5SOEJPhM=
